
Microsoft Visual Studio Solution File, Format Version 12.00
# Visual Studio Version 17
VisualStudioVersion = 17.0.31903.59
MinimumVisualStudioVersion = 10.0.40219.1
Project("{FAE04EC0-301F-11D3-BF4B-00C04F79EFBC}") = "Domain", "Domain\Domain.csproj", "{318A97F0-2F3C-4739-812B-BDCD77D6C50A}"
EndProject
Project("{FAE04EC0-301F-11D3-BF4B-00C04F79EFBC}") = "Application", "Application\Application.csproj", "{3FACB6D4-4E88-45B6-A5B1-F8C67F1B1301}"
EndProject
Project("{FAE04EC0-301F-11D3-BF4B-00C04F79EFBC}") = "Infrastructure", "Infrastructure\Infrastructure.csproj", "{7EC8D155-8988-45B6-9E81-04265D0F93DE}"
EndProject
Project("{FAE04EC0-301F-11D3-BF4B-00C04F79EFBC}") = "API", "API\API.csproj", "{60CAA59F-5996-426D-94F8-6706C25D8B7C}"
EndProject
Project("{FAE04EC0-301F-11D3-BF4B-00C04F79EFBC}") = "API.Tests", "API.Tests\API.Tests.csproj", "{8BD412C5-AEB6-4A57-8CE8-AC8542EE43B0}"
EndProject
Project("{FAE04EC0-301F-11D3-BF4B-00C04F79EFBC}") = "Application.Tests", "Application.Tests\Application.Tests.csproj", "{5E6A5F83-94EC-4024-BF7F-115A094688E4}"
EndProject
Project("{FAE04EC0-301F-11D3-BF4B-00C04F79EFBC}") = "Infrastructure.Tests", "Infrastructure.Tests\Infrastructure.Tests.csproj", "{C2EB63DF-5C0E-4747-94A6-AA91E8D3B47B}"
EndProject
Project("{FAE04EC0-301F-11D3-BF4B-00C04F79EFBC}") = "Domain.Tests", "Domain.Tests\Domain.Tests.csproj", "{523B9518-6866-4835-B726-C06806D14657}"
EndProject
Global
	GlobalSection(SolutionConfigurationPlatforms) = preSolution
		Debug|Any CPU = Debug|Any CPU
		Release|Any CPU = Release|Any CPU
	EndGlobalSection
	GlobalSection(ProjectConfigurationPlatforms) = postSolution
		{318A97F0-2F3C-4739-812B-BDCD77D6C50A}.Debug|Any CPU.ActiveCfg = Debug|Any CPU
		{318A97F0-2F3C-4739-812B-BDCD77D6C50A}.Debug|Any CPU.Build.0 = Debug|Any CPU
		{318A97F0-2F3C-4739-812B-BDCD77D6C50A}.Release|Any CPU.ActiveCfg = Release|Any CPU
		{318A97F0-2F3C-4739-812B-BDCD77D6C50A}.Release|Any CPU.Build.0 = Release|Any CPU
		{3FACB6D4-4E88-45B6-A5B1-F8C67F1B1301}.Debug|Any CPU.ActiveCfg = Debug|Any CPU
		{3FACB6D4-4E88-45B6-A5B1-F8C67F1B1301}.Debug|Any CPU.Build.0 = Debug|Any CPU
		{3FACB6D4-4E88-45B6-A5B1-F8C67F1B1301}.Release|Any CPU.ActiveCfg = Release|Any CPU
		{3FACB6D4-4E88-45B6-A5B1-F8C67F1B1301}.Release|Any CPU.Build.0 = Release|Any CPU
		{7EC8D155-8988-45B6-9E81-04265D0F93DE}.Debug|Any CPU.ActiveCfg = Debug|Any CPU
		{7EC8D155-8988-45B6-9E81-04265D0F93DE}.Debug|Any CPU.Build.0 = Debug|Any CPU
		{7EC8D155-8988-45B6-9E81-04265D0F93DE}.Release|Any CPU.ActiveCfg = Release|Any CPU
		{7EC8D155-8988-45B6-9E81-04265D0F93DE}.Release|Any CPU.Build.0 = Release|Any CPU
		{60CAA59F-5996-426D-94F8-6706C25D8B7C}.Debug|Any CPU.ActiveCfg = Debug|Any CPU
		{60CAA59F-5996-426D-94F8-6706C25D8B7C}.Debug|Any CPU.Build.0 = Debug|Any CPU
		{60CAA59F-5996-426D-94F8-6706C25D8B7C}.Release|Any CPU.ActiveCfg = Release|Any CPU
		{60CAA59F-5996-426D-94F8-6706C25D8B7C}.Release|Any CPU.Build.0 = Release|Any CPU
		{8BD412C5-AEB6-4A57-8CE8-AC8542EE43B0}.Debug|Any CPU.ActiveCfg = Debug|Any CPU
		{8BD412C5-AEB6-4A57-8CE8-AC8542EE43B0}.Debug|Any CPU.Build.0 = Debug|Any CPU
		{8BD412C5-AEB6-4A57-8CE8-AC8542EE43B0}.Release|Any CPU.ActiveCfg = Release|Any CPU
		{8BD412C5-AEB6-4A57-8CE8-AC8542EE43B0}.Release|Any CPU.Build.0 = Release|Any CPU
		{5E6A5F83-94EC-4024-BF7F-115A094688E4}.Debug|Any CPU.ActiveCfg = Debug|Any CPU
		{5E6A5F83-94EC-4024-BF7F-115A094688E4}.Debug|Any CPU.Build.0 = Debug|Any CPU
		{5E6A5F83-94EC-4024-BF7F-115A094688E4}.Release|Any CPU.ActiveCfg = Release|Any CPU
		{5E6A5F83-94EC-4024-BF7F-115A094688E4}.Release|Any CPU.Build.0 = Release|Any CPU
		{C2EB63DF-5C0E-4747-94A6-AA91E8D3B47B}.Debug|Any CPU.ActiveCfg = Debug|Any CPU
		{C2EB63DF-5C0E-4747-94A6-AA91E8D3B47B}.Debug|Any CPU.Build.0 = Debug|Any CPU
		{C2EB63DF-5C0E-4747-94A6-AA91E8D3B47B}.Release|Any CPU.ActiveCfg = Release|Any CPU
		{C2EB63DF-5C0E-4747-94A6-AA91E8D3B47B}.Release|Any CPU.Build.0 = Release|Any CPU
		{523B9518-6866-4835-B726-C06806D14657}.Debug|Any CPU.ActiveCfg = Debug|Any CPU
		{523B9518-6866-4835-B726-C06806D14657}.Debug|Any CPU.Build.0 = Debug|Any CPU
		{523B9518-6866-4835-B726-C06806D14657}.Release|Any CPU.ActiveCfg = Release|Any CPU
		{523B9518-6866-4835-B726-C06806D14657}.Release|Any CPU.Build.0 = Release|Any CPU
	EndGlobalSection
	GlobalSection(SolutionProperties) = preSolution
		HideSolutionNode = FALSE
	EndGlobalSection
EndGlobal
